
Microsoft Visual Studio Solution File, Format Version 12.00
# Visual Studio 15
VisualStudioVersion = 15.0.27703.2026
MinimumVisualStudioVersion = 10.0.40219.1
Project("{9A19103F-16F7-4668-BE54-9A1E7A4F7556}") = "SpeedDate", "SpeedDate\SpeedDate.csproj", "{7587D9D6-5368-4E6A-82F3-13CC263188E2}"
EndProject
Project("{9A19103F-16F7-4668-BE54-9A1E7A4F7556}") = "SpeedDate.Client", "SpeedDate.Client\SpeedDate.Client.csproj", "{E39B1665-106F-44F0-BE54-C58063CEC998}"
EndProject
Project("{9A19103F-16F7-4668-BE54-9A1E7A4F7556}") = "SpeedDate.ClientPlugins", "SpeedDate.ClientPlugins\SpeedDate.ClientPlugins.csproj", "{073B9362-B71E-4C67-9794-EA377BCE90C8}"
EndProject
Project("{9A19103F-16F7-4668-BE54-9A1E7A4F7556}") = "SpeedDate.ClientPlugins.GameServer", "SpeedDate.ClientPlugins.GameServer\SpeedDate.ClientPlugins.GameServer.csproj", "{A96260DC-89C7-4537-812B-523EA2DCCCB6}"
EndProject
Project("{9A19103F-16F7-4668-BE54-9A1E7A4F7556}") = "SpeedDate.ClientPlugins.Peer", "SpeedDate.ClientPlugins.Peer\SpeedDate.ClientPlugins.Peer.csproj", "{E4E71F1C-11B0-405C-B596-9EC2EE09B2D3}"
EndProject
Project("{9A19103F-16F7-4668-BE54-9A1E7A4F7556}") = "SpeedDate.ClientPlugins.Spawner", "SpeedDate.ClientPlugins.Spawner\SpeedDate.ClientPlugins.Spawner.csproj", "{22D5A36E-5CA0-40AC-8446-1858586C02DB}"
EndProject
Project("{9A19103F-16F7-4668-BE54-9A1E7A4F7556}") = "SpeedDate.ServerPlugins", "SpeedDate.ServerPlugins\SpeedDate.ServerPlugins.csproj", "{A0C4BC3E-C719-43D6-AFDD-96F0E1E3AFCD}"
EndProject
Project("{9A19103F-16F7-4668-BE54-9A1E7A4F7556}") = "SpeedDate.Client.Console.Example", "SpeedDate.Client.Console.Example\SpeedDate.Client.Console.Example.csproj", "{BDEBD430-C663-4EFC-973C-0B445C61E785}"
EndProject
Project("{9A19103F-16F7-4668-BE54-9A1E7A4F7556}") = "SpeedDate.Server.Console", "SpeedDate.Server.Console\SpeedDate.Server.Console.csproj", "{6228061C-DFCC-4F19-B045-20C0EEBE6642}"
EndProject
Project("{9A19103F-16F7-4668-BE54-9A1E7A4F7556}") = "SpeedDate.Server", "SpeedDate.Server\SpeedDate.Server.csproj", "{5A1C9B8E-4F5A-4415-BE65-23DC7763E481}"
EndProject
Project("{FAE04EC0-301F-11D3-BF4B-00C04F79EFBC}") = "ConsoleGame", "ConsoleGame\ConsoleGame.csproj", "{8346E3F6-B345-47B9-9774-4512D739C735}"
EndProject
Project("{9A19103F-16F7-4668-BE54-9A1E7A4F7556}") = "SpeedDate.Client.Spawner.Console", "SpeedDate.Client.Spawner.Console\SpeedDate.Client.Spawner.Console.csproj", "{3A3B6430-1137-4E00-B444-31A0F966C950}"
EndProject
Project("{9A19103F-16F7-4668-BE54-9A1E7A4F7556}") = "SpeedDate.Test", "SpeedDate.Test\SpeedDate.Test.csproj", "{96714217-4205-4E44-BD0A-E57E834B9EC0}"
EndProject
Project("{FAE04EC0-301F-11D3-BF4B-00C04F79EFBC}") = "SpeedDate.Database.CockroachDb", "SpeedDate.Database.CockroachDb\SpeedDate.Database.CockroachDb.csproj", "{ED4266B1-55C0-4013-8902-A3761956DF1C}"
EndProject
Global
	GlobalSection(SolutionConfigurationPlatforms) = preSolution
		Debug|Any CPU = Debug|Any CPU
		Release|Any CPU = Release|Any CPU
	EndGlobalSection
	GlobalSection(ProjectConfigurationPlatforms) = postSolution
		{7587D9D6-5368-4E6A-82F3-13CC263188E2}.Debug|Any CPU.ActiveCfg = Debug|Any CPU
		{7587D9D6-5368-4E6A-82F3-13CC263188E2}.Debug|Any CPU.Build.0 = Debug|Any CPU
		{7587D9D6-5368-4E6A-82F3-13CC263188E2}.Release|Any CPU.ActiveCfg = Release|Any CPU
		{7587D9D6-5368-4E6A-82F3-13CC263188E2}.Release|Any CPU.Build.0 = Release|Any CPU
		{E39B1665-106F-44F0-BE54-C58063CEC998}.Debug|Any CPU.ActiveCfg = Debug|Any CPU
		{E39B1665-106F-44F0-BE54-C58063CEC998}.Debug|Any CPU.Build.0 = Debug|Any CPU
		{E39B1665-106F-44F0-BE54-C58063CEC998}.Release|Any CPU.ActiveCfg = Release|Any CPU
		{E39B1665-106F-44F0-BE54-C58063CEC998}.Release|Any CPU.Build.0 = Release|Any CPU
		{073B9362-B71E-4C67-9794-EA377BCE90C8}.Debug|Any CPU.ActiveCfg = Debug|Any CPU
		{073B9362-B71E-4C67-9794-EA377BCE90C8}.Debug|Any CPU.Build.0 = Debug|Any CPU
		{073B9362-B71E-4C67-9794-EA377BCE90C8}.Release|Any CPU.ActiveCfg = Release|Any CPU
		{073B9362-B71E-4C67-9794-EA377BCE90C8}.Release|Any CPU.Build.0 = Release|Any CPU
		{A96260DC-89C7-4537-812B-523EA2DCCCB6}.Debug|Any CPU.ActiveCfg = Debug|Any CPU
		{A96260DC-89C7-4537-812B-523EA2DCCCB6}.Debug|Any CPU.Build.0 = Debug|Any CPU
		{A96260DC-89C7-4537-812B-523EA2DCCCB6}.Release|Any CPU.ActiveCfg = Release|Any CPU
		{A96260DC-89C7-4537-812B-523EA2DCCCB6}.Release|Any CPU.Build.0 = Release|Any CPU
		{E4E71F1C-11B0-405C-B596-9EC2EE09B2D3}.Debug|Any CPU.ActiveCfg = Debug|Any CPU
		{E4E71F1C-11B0-405C-B596-9EC2EE09B2D3}.Debug|Any CPU.Build.0 = Debug|Any CPU
		{E4E71F1C-11B0-405C-B596-9EC2EE09B2D3}.Release|Any CPU.ActiveCfg = Release|Any CPU
		{E4E71F1C-11B0-405C-B596-9EC2EE09B2D3}.Release|Any CPU.Build.0 = Release|Any CPU
		{22D5A36E-5CA0-40AC-8446-1858586C02DB}.Debug|Any CPU.ActiveCfg = Debug|Any CPU
		{22D5A36E-5CA0-40AC-8446-1858586C02DB}.Debug|Any CPU.Build.0 = Debug|Any CPU
		{22D5A36E-5CA0-40AC-8446-1858586C02DB}.Release|Any CPU.ActiveCfg = Release|Any CPU
		{22D5A36E-5CA0-40AC-8446-1858586C02DB}.Release|Any CPU.Build.0 = Release|Any CPU
		{A0C4BC3E-C719-43D6-AFDD-96F0E1E3AFCD}.Debug|Any CPU.ActiveCfg = Debug|Any CPU
		{A0C4BC3E-C719-43D6-AFDD-96F0E1E3AFCD}.Debug|Any CPU.Build.0 = Debug|Any CPU
		{A0C4BC3E-C719-43D6-AFDD-96F0E1E3AFCD}.Release|Any CPU.ActiveCfg = Release|Any CPU
		{A0C4BC3E-C719-43D6-AFDD-96F0E1E3AFCD}.Release|Any CPU.Build.0 = Release|Any CPU
		{BDEBD430-C663-4EFC-973C-0B445C61E785}.Debug|Any CPU.ActiveCfg = Debug|Any CPU
		{BDEBD430-C663-4EFC-973C-0B445C61E785}.Debug|Any CPU.Build.0 = Debug|Any CPU
		{BDEBD430-C663-4EFC-973C-0B445C61E785}.Release|Any CPU.ActiveCfg = Release|Any CPU
		{BDEBD430-C663-4EFC-973C-0B445C61E785}.Release|Any CPU.Build.0 = Release|Any CPU
		{6228061C-DFCC-4F19-B045-20C0EEBE6642}.Debug|Any CPU.ActiveCfg = Debug|Any CPU
		{6228061C-DFCC-4F19-B045-20C0EEBE6642}.Debug|Any CPU.Build.0 = Debug|Any CPU
		{6228061C-DFCC-4F19-B045-20C0EEBE6642}.Release|Any CPU.ActiveCfg = Release|Any CPU
		{6228061C-DFCC-4F19-B045-20C0EEBE6642}.Release|Any CPU.Build.0 = Release|Any CPU
		{5A1C9B8E-4F5A-4415-BE65-23DC7763E481}.Debug|Any CPU.ActiveCfg = Debug|Any CPU
		{5A1C9B8E-4F5A-4415-BE65-23DC7763E481}.Debug|Any CPU.Build.0 = Debug|Any CPU
		{5A1C9B8E-4F5A-4415-BE65-23DC7763E481}.Release|Any CPU.ActiveCfg = Release|Any CPU
		{5A1C9B8E-4F5A-4415-BE65-23DC7763E481}.Release|Any CPU.Build.0 = Release|Any CPU
		{8346E3F6-B345-47B9-9774-4512D739C735}.Debug|Any CPU.ActiveCfg = Debug|Any CPU
		{8346E3F6-B345-47B9-9774-4512D739C735}.Debug|Any CPU.Build.0 = Debug|Any CPU
		{8346E3F6-B345-47B9-9774-4512D739C735}.Release|Any CPU.ActiveCfg = Release|Any CPU
		{8346E3F6-B345-47B9-9774-4512D739C735}.Release|Any CPU.Build.0 = Release|Any CPU
		{3A3B6430-1137-4E00-B444-31A0F966C950}.Debug|Any CPU.ActiveCfg = Debug|Any CPU
		{3A3B6430-1137-4E00-B444-31A0F966C950}.Debug|Any CPU.Build.0 = Debug|Any CPU
		{3A3B6430-1137-4E00-B444-31A0F966C950}.Release|Any CPU.ActiveCfg = Release|Any CPU
		{3A3B6430-1137-4E00-B444-31A0F966C950}.Release|Any CPU.Build.0 = Release|Any CPU
		{96714217-4205-4E44-BD0A-E57E834B9EC0}.Debug|Any CPU.ActiveCfg = Debug|Any CPU
		{96714217-4205-4E44-BD0A-E57E834B9EC0}.Debug|Any CPU.Build.0 = Debug|Any CPU
		{96714217-4205-4E44-BD0A-E57E834B9EC0}.Release|Any CPU.ActiveCfg = Release|Any CPU
		{96714217-4205-4E44-BD0A-E57E834B9EC0}.Release|Any CPU.Build.0 = Release|Any CPU
		{ED4266B1-55C0-4013-8902-A3761956DF1C}.Debug|Any CPU.ActiveCfg = Debug|Any CPU
		{ED4266B1-55C0-4013-8902-A3761956DF1C}.Debug|Any CPU.Build.0 = Debug|Any CPU
		{ED4266B1-55C0-4013-8902-A3761956DF1C}.Release|Any CPU.ActiveCfg = Release|Any CPU
		{ED4266B1-55C0-4013-8902-A3761956DF1C}.Release|Any CPU.Build.0 = Release|Any CPU
	EndGlobalSection
	GlobalSection(SolutionProperties) = preSolution
		HideSolutionNode = FALSE
	EndGlobalSection
	GlobalSection(ExtensibilityGlobals) = postSolution
		SolutionGuid = {7643B5A9-52F0-4229-B7FF-A3E5C969D880}
	EndGlobalSection
EndGlobal
